
Microsoft Visual Studio Solution File, Format Version 12.00
# Visual Studio Version 17
VisualStudioVersion = 17.0.32112.339
MinimumVisualStudioVersion = 10.0.40219.1
Project("{FAE04EC0-301F-11D3-BF4B-00C04F79EFBC}") = "lessono-homework3", "lessono-homework3\lessono-homework3.csproj", "{73ECD4B1-F4CF-4FFD-A4B0-666B8007066D}"
EndProject
Project("{FAE04EC0-301F-11D3-BF4B-00C04F79EFBC}") = "hw3", "hw3\hw3.csproj", "{5A907839-0B9F-466B-BD20-6FB98B2698B1}"
EndProject
Global
	GlobalSection(SolutionConfigurationPlatforms) = preSolution
		Debug|Any CPU = Debug|Any CPU
		Release|Any CPU = Release|Any CPU
	EndGlobalSection
	GlobalSection(ProjectConfigurationPlatforms) = postSolution
		{73ECD4B1-F4CF-4FFD-A4B0-666B8007066D}.Debug|Any CPU.ActiveCfg = Debug|Any CPU
		{73ECD4B1-F4CF-4FFD-A4B0-666B8007066D}.Debug|Any CPU.Build.0 = Debug|Any CPU
		{73ECD4B1-F4CF-4FFD-A4B0-666B8007066D}.Release|Any CPU.ActiveCfg = Release|Any CPU
		{73ECD4B1-F4CF-4FFD-A4B0-666B8007066D}.Release|Any CPU.Build.0 = Release|Any CPU
		{5A907839-0B9F-466B-BD20-6FB98B2698B1}.Debug|Any CPU.ActiveCfg = Debug|Any CPU
		{5A907839-0B9F-466B-BD20-6FB98B2698B1}.Debug|Any CPU.Build.0 = Debug|Any CPU
		{5A907839-0B9F-466B-BD20-6FB98B2698B1}.Release|Any CPU.ActiveCfg = Release|Any CPU
		{5A907839-0B9F-466B-BD20-6FB98B2698B1}.Release|Any CPU.Build.0 = Release|Any CPU
	EndGlobalSection
	GlobalSection(SolutionProperties) = preSolution
		HideSolutionNode = FALSE
	EndGlobalSection
	GlobalSection(ExtensibilityGlobals) = postSolution
		SolutionGuid = {9C726BAC-702E-4C5A-8E02-14D06EC36C51}
	EndGlobalSection
EndGlobal
